
Microsoft Visual Studio Solution File, Format Version 12.00
# Visual Studio Version 17
VisualStudioVersion = 17.3.32929.385
MinimumVisualStudioVersion = 10.0.40219.1
Project("{FAE04EC0-301F-11D3-BF4B-00C04F79EFBC}") = "CarDistance", "CarDistance\CarDistance.csproj", "{5F509680-C662-4557-B034-11C7DE1F54FF}"
EndProject
Global
	GlobalSection(SolutionConfigurationPlatforms) = preSolution
		Debug|Any CPU = Debug|Any CPU
		Release|Any CPU = Release|Any CPU
	EndGlobalSection
	GlobalSection(ProjectConfigurationPlatforms) = postSolution
		{5F509680-C662-4557-B034-11C7DE1F54FF}.Debug|Any CPU.ActiveCfg = Debug|Any CPU
		{5F509680-C662-4557-B034-11C7DE1F54FF}.Debug|Any CPU.Build.0 = Debug|Any CPU
		{5F509680-C662-4557-B034-11C7DE1F54FF}.Release|Any CPU.ActiveCfg = Release|Any CPU
		{5F509680-C662-4557-B034-11C7DE1F54FF}.Release|Any CPU.Build.0 = Release|Any CPU
	EndGlobalSection
	GlobalSection(SolutionProperties) = preSolution
		HideSolutionNode = FALSE
	EndGlobalSection
	GlobalSection(ExtensibilityGlobals) = postSolution
		SolutionGuid = {03DB67CB-F0BD-4A9B-A885-053D2F9F95E9}
	EndGlobalSection
EndGlobal
