
Microsoft Visual Studio Solution File, Format Version 12.00
# Visual Studio Version 17
VisualStudioVersion = 17.7.34031.279
MinimumVisualStudioVersion = 10.0.40219.1
Project("{FAE04EC0-301F-11D3-BF4B-00C04F79EFBC}") = "OOP", "OOP\OOP.csproj", "{1AB88120-D026-403A-8495-E9956A62687B}"
EndProject
Global
	GlobalSection(SolutionConfigurationPlatforms) = preSolution
		Debug|Any CPU = Debug|Any CPU
		Release|Any CPU = Release|Any CPU
	EndGlobalSection
	GlobalSection(ProjectConfigurationPlatforms) = postSolution
		{1AB88120-D026-403A-8495-E9956A62687B}.Debug|Any CPU.ActiveCfg = Debug|Any CPU
		{1AB88120-D026-403A-8495-E9956A62687B}.Debug|Any CPU.Build.0 = Debug|Any CPU
		{1AB88120-D026-403A-8495-E9956A62687B}.Release|Any CPU.ActiveCfg = Release|Any CPU
		{1AB88120-D026-403A-8495-E9956A62687B}.Release|Any CPU.Build.0 = Release|Any CPU
	EndGlobalSection
	GlobalSection(SolutionProperties) = preSolution
		HideSolutionNode = FALSE
	EndGlobalSection
	GlobalSection(ExtensibilityGlobals) = postSolution
		SolutionGuid = {C2F02BCB-9A91-4CF9-94A0-4149C402E11C}
	EndGlobalSection
EndGlobal
