
Microsoft Visual Studio Solution File, Format Version 12.00
# Visual Studio Version 17
VisualStudioVersion = 17.7.34031.279
MinimumVisualStudioVersion = 10.0.40219.1
Project("{FAE04EC0-301F-11D3-BF4B-00C04F79EFBC}") = "Barrels", "Barrels\Barrels.csproj", "{DCECBC06-5766-4559-8029-7C44A6F77968}"
EndProject
Global
	GlobalSection(SolutionConfigurationPlatforms) = preSolution
		Debug|Any CPU = Debug|Any CPU
		Release|Any CPU = Release|Any CPU
	EndGlobalSection
	GlobalSection(ProjectConfigurationPlatforms) = postSolution
		{DCECBC06-5766-4559-8029-7C44A6F77968}.Debug|Any CPU.ActiveCfg = Debug|Any CPU
		{DCECBC06-5766-4559-8029-7C44A6F77968}.Debug|Any CPU.Build.0 = Debug|Any CPU
		{DCECBC06-5766-4559-8029-7C44A6F77968}.Release|Any CPU.ActiveCfg = Release|Any CPU
		{DCECBC06-5766-4559-8029-7C44A6F77968}.Release|Any CPU.Build.0 = Release|Any CPU
	EndGlobalSection
	GlobalSection(SolutionProperties) = preSolution
		HideSolutionNode = FALSE
	EndGlobalSection
	GlobalSection(ExtensibilityGlobals) = postSolution
		SolutionGuid = {4A2EE6A1-5488-4F3E-BE79-C927B70A0C6D}
	EndGlobalSection
EndGlobal
